
Microsoft Visual Studio Solution File, Format Version 12.00
# Visual Studio 15
VisualStudioVersion = 15.0.28307.757
MinimumVisualStudioVersion = 10.0.40219.1
Project("{FAE04EC0-301F-11D3-BF4B-00C04F79EFBC}") = "C Sharp 4.2", "C Sharp 4.2\C Sharp 4.2.csproj", "{737E34C2-7D84-458F-94C9-F11D82311B9D}"
EndProject
Global
	GlobalSection(SolutionConfigurationPlatforms) = preSolution
		Debug|Any CPU = Debug|Any CPU
		Release|Any CPU = Release|Any CPU
	EndGlobalSection
	GlobalSection(ProjectConfigurationPlatforms) = postSolution
		{737E34C2-7D84-458F-94C9-F11D82311B9D}.Debug|Any CPU.ActiveCfg = Debug|Any CPU
		{737E34C2-7D84-458F-94C9-F11D82311B9D}.Debug|Any CPU.Build.0 = Debug|Any CPU
		{737E34C2-7D84-458F-94C9-F11D82311B9D}.Release|Any CPU.ActiveCfg = Release|Any CPU
		{737E34C2-7D84-458F-94C9-F11D82311B9D}.Release|Any CPU.Build.0 = Release|Any CPU
	EndGlobalSection
	GlobalSection(SolutionProperties) = preSolution
		HideSolutionNode = FALSE
	EndGlobalSection
	GlobalSection(ExtensibilityGlobals) = postSolution
		SolutionGuid = {50D378C9-2A87-4951-894C-48A90478477C}
	EndGlobalSection
EndGlobal
