
Microsoft Visual Studio Solution File, Format Version 12.00
# Visual Studio 15
VisualStudioVersion = 15.0.28307.757
MinimumVisualStudioVersion = 10.0.40219.1
Project("{FAE04EC0-301F-11D3-BF4B-00C04F79EFBC}") = "C Sharp 4.5", "C Sharp 4.5\C Sharp 4.5.csproj", "{E6D162B8-B6A0-42AD-97A0-23E8745A04C2}"
EndProject
Global
	GlobalSection(SolutionConfigurationPlatforms) = preSolution
		Debug|Any CPU = Debug|Any CPU
		Release|Any CPU = Release|Any CPU
	EndGlobalSection
	GlobalSection(ProjectConfigurationPlatforms) = postSolution
		{E6D162B8-B6A0-42AD-97A0-23E8745A04C2}.Debug|Any CPU.ActiveCfg = Debug|Any CPU
		{E6D162B8-B6A0-42AD-97A0-23E8745A04C2}.Debug|Any CPU.Build.0 = Debug|Any CPU
		{E6D162B8-B6A0-42AD-97A0-23E8745A04C2}.Release|Any CPU.ActiveCfg = Release|Any CPU
		{E6D162B8-B6A0-42AD-97A0-23E8745A04C2}.Release|Any CPU.Build.0 = Release|Any CPU
	EndGlobalSection
	GlobalSection(SolutionProperties) = preSolution
		HideSolutionNode = FALSE
	EndGlobalSection
	GlobalSection(ExtensibilityGlobals) = postSolution
		SolutionGuid = {396D700D-FB23-49B6-A5F1-90E276491C00}
	EndGlobalSection
EndGlobal
